{
  "nodes": {
    "earcut": {
      "flake": false,
      "locked": {
        "allRefs": true,
        "lastModified": 1781773091,
        "narHash": "sha256-Z7Q+OTNWFEB9XDMwHl9A54EmoEmhmKQlJ7LOO562olg=",
        "ref": "refs/heads/master",
        "rev": "64530eabb07cfbdf48b2577a763ca26f1afc0b76",
        "revCount": 138,
        "submodules": true,
        "type": "git",
        "url": "https://github.com/mapbox/earcut.hpp"
      },
      "original": {
        "allRefs": true,
        "rev": "64530eabb07cfbdf48b2577a763ca26f1afc0b76",
        "submodules": true,
        "type": "git",
        "url": "https://github.com/mapbox/earcut.hpp"
      }
    },
    "flake-utils": {
      "inputs": {
        "systems": "systems"
      },
      "locked": {
        "lastModified": 1731533236,
        "narHash": "sha256-l0KFg5HjrsfsO/JpG+r7fRrqm12kzFHyUHqHCVpMMbI=",
        "owner": "numtide",
        "repo": "flake-utils",
        "rev": "11707dc2f618dd54ca8739b309ec4fc024de578b",
        "type": "github"
      },
      "original": {
        "owner": "numtide",
        "repo": "flake-utils",
        "type": "github"
      }
    },
    "ksyntaxhighlighting": {
      "flake": false,
      "locked": {
        "host": "invent.kde.org",
        "lastModified": 1781812194,
        "narHash": "sha256-NDz3WTxfslJZi63Qjg8FhW5Bs49VZEfU1RTkA3gkW7k=",
        "owner": "frameworks",
        "repo": "syntax-highlighting",
        "rev": "ccb31f722406d5b980ba57cf71a3ffab70a82847",
        "type": "gitlab"
      },
      "original": {
        "host": "invent.kde.org",
        "owner": "frameworks",
        "repo": "syntax-highlighting",
        "rev": "ccb31f722406d5b980ba57cf71a3ffab70a82847",
        "type": "gitlab"
      }
    },
    "md4qt": {
      "flake": false,
      "locked": {
        "host": "invent.kde.org",
        "lastModified": 1781616991,
        "narHash": "sha256-XjmzronSyRHgqAPr5k3oDBFLQXS/S1/3N96Ap/wPmMo=",
        "owner": "libraries",
        "repo": "md4qt",
        "rev": "345bba20c225c105dc9050dbb150bcc0d4c0c84f",
        "type": "gitlab"
      },
      "original": {
        "host": "invent.kde.org",
        "owner": "libraries",
        "repo": "md4qt",
        "rev": "345bba20c225c105dc9050dbb150bcc0d4c0c84f",
        "type": "gitlab"
      }
    },
    "microtex": {
      "flake": false,
      "locked": {
        "lastModified": 1722910131,
        "narHash": "sha256-U6zqh+VqoLtlE0IwgfwjY9zt8e5/2R3cqf5fWXwoIi0=",
        "owner": "NanoMichael",
        "repo": "MicroTeX",
        "rev": "0e3707f6dafebb121d98b53c64364d16fefe481d",
        "type": "github"
      },
      "original": {
        "owner": "NanoMichael",
        "repo": "MicroTeX",
        "rev": "0e3707f6dafebb121d98b53c64364d16fefe481d",
        "type": "github"
      }
    },
    "nixpkgs": {
      "locked": {
        "lastModified": 1781867477,
        "narHash": "sha256-y4shnVDvuFasGOGrNArF7rbQoB1bEuZvQo+nzIgsMvU=",
        "owner": "NixOS",
        "repo": "nixpkgs",
        "rev": "e96d4751b30be9c0420fa4cdafe77ae0445d059f",
        "type": "github"
      },
      "original": {
        "owner": "NixOS",
        "repo": "nixpkgs",
        "type": "github"
      }
    },
    "posixsignalmanager": {
      "flake": false,
      "locked": {
        "lastModified": 1758476174,
        "narHash": "sha256-5oU14xLXAAOuOz3s+9e9tOyu2xSMcrNotG3k3L/ghGY=",
        "owner": "textshell",
        "repo": "posixsignalmanager",
        "rev": "6fa40e48380d1179fcd6f5175b8bc9fb1e2a455d",
        "type": "github"
      },
      "original": {
        "owner": "textshell",
        "repo": "posixsignalmanager",
        "rev": "6fa40e48380d1179fcd6f5175b8bc9fb1e2a455d",
        "type": "github"
      }
    },
    "qautostart": {
      "flake": false,
      "locked": {
        "lastModified": 1537027143,
        "narHash": "sha256-MSbvPax0z6TaKworetoQMFq6+Y9bC81tJ92Npr9nuOA=",
        "owner": "Skycoder42",
        "repo": "QAutoStart",
        "rev": "a27a028f0ac9e49a0c90732d7ea090e2bd31c2c3",
        "type": "github"
      },
      "original": {
        "owner": "Skycoder42",
        "repo": "QAutoStart",
        "rev": "a27a028f0ac9e49a0c90732d7ea090e2bd31c2c3",
        "type": "github"
      }
    },
    "qsimpleupdater": {
      "flake": false,
      "locked": {
        "lastModified": 1777023188,
        "narHash": "sha256-rDFJWVCbtO/6HLvNbQVcIeQg36saHZnwVOQZKvkIinw=",
        "owner": "alex-spataru",
        "repo": "QSimpleUpdater",
        "rev": "6c78600eab46e307eb0706a52b847516eb72a146",
        "type": "github"
      },
      "original": {
        "owner": "alex-spataru",
        "repo": "QSimpleUpdater",
        "rev": "6c78600eab46e307eb0706a52b847516eb72a146",
        "type": "github"
      }
    },
    "qwindowkit": {
      "flake": false,
      "locked": {
        "allRefs": true,
        "lastModified": 1780119094,
        "narHash": "sha256-r3fszoJvSiyWXowBDdaYbXUumhrFb8unpuxhVyUH0uw=",
        "ref": "refs/heads/main",
        "rev": "c783b89d119a672b0aa4262b520c0783d0612689",
        "revCount": 415,
        "submodules": true,
        "type": "git",
        "url": "https://github.com/stdware/qwindowkit"
      },
      "original": {
        "allRefs": true,
        "rev": "c783b89d119a672b0aa4262b520c0783d0612689",
        "submodules": true,
        "type": "git",
        "url": "https://github.com/stdware/qwindowkit"
      }
    },
    "qxtglobalshortcut": {
      "flake": false,
      "locked": {
        "lastModified": 1670841977,
        "narHash": "sha256-DC0B3zXEMw+o5wmjxRgDmPP+JNbAvJyTg2yBpsBk8BI=",
        "owner": "hluk",
        "repo": "qxtglobalshortcut",
        "rev": "0e47e8c6bddfe42ecb1f3706ead805d3abc56a7e",
        "type": "github"
      },
      "original": {
        "owner": "hluk",
        "repo": "qxtglobalshortcut",
        "rev": "0e47e8c6bddfe42ecb1f3706ead805d3abc56a7e",
        "type": "github"
      }
    },
    "root": {
      "inputs": {
        "earcut": "earcut",
        "flake-utils": "flake-utils",
        "ksyntaxhighlighting": "ksyntaxhighlighting",
        "md4qt": "md4qt",
        "microtex": "microtex",
        "nixpkgs": "nixpkgs",
        "posixsignalmanager": "posixsignalmanager",
        "qautostart": "qautostart",
        "qsimpleupdater": "qsimpleupdater",
        "qwindowkit": "qwindowkit",
        "qxtglobalshortcut": "qxtglobalshortcut",
        "tuiwidgets": "tuiwidgets"
      }
    },
    "systems": {
      "locked": {
        "lastModified": 1681028828,
        "narHash": "sha256-Vy1rq5AaRuLzOxct8nz4T6wlgyUR7zLU309k9mBC768=",
        "owner": "nix-systems",
        "repo": "default",
        "rev": "da67096a3b9bf56a91d16901293e51ba5b49a27e",
        "type": "github"
      },
      "original": {
        "owner": "nix-systems",
        "repo": "default",
        "type": "github"
      }
    },
    "tuiwidgets": {
      "flake": false,
      "locked": {
        "lastModified": 1762289847,
        "narHash": "sha256-vEMXLL+G1cX4il+3mYZ8QtvgMexrQR3+G1RX3sbI2Pw=",
        "owner": "tuiwidgets",
        "repo": "tuiwidgets",
        "rev": "31ccc7af4ff47ec209e8e7b3508988fec5d2e2e9",
        "type": "github"
      },
      "original": {
        "owner": "tuiwidgets",
        "repo": "tuiwidgets",
        "rev": "31ccc7af4ff47ec209e8e7b3508988fec5d2e2e9",
        "type": "github"
      }
    }
  },
  "root": "root",
  "version": 7
}
